
Microsoft Visual Studio Solution File, Format Version 12.00
# Visual Studio Version 16
VisualStudioVersion = 16.0.32126.315
MinimumVisualStudioVersion = 10.0.40219.1
Project("{FAE04EC0-301F-11D3-BF4B-00C04F79EFBC}") = "QuanLyHocSinh", "QuanLyHocSinh\QuanLyHocSinh.csproj", "{C29E0684-40B9-4B90-B819-3DE4B5C73ACE}"
EndProject
Global
	GlobalSection(SolutionConfigurationPlatforms) = preSolution
		Debug|Any CPU = Debug|Any CPU
		Release|Any CPU = Release|Any CPU
	EndGlobalSection
	GlobalSection(ProjectConfigurationPlatforms) = postSolution
		{C29E0684-40B9-4B90-B819-3DE4B5C73ACE}.Debug|Any CPU.ActiveCfg = Debug|Any CPU
		{C29E0684-40B9-4B90-B819-3DE4B5C73ACE}.Debug|Any CPU.Build.0 = Debug|Any CPU
		{C29E0684-40B9-4B90-B819-3DE4B5C73ACE}.Release|Any CPU.ActiveCfg = Release|Any CPU
		{C29E0684-40B9-4B90-B819-3DE4B5C73ACE}.Release|Any CPU.Build.0 = Release|Any CPU
	EndGlobalSection
	GlobalSection(SolutionProperties) = preSolution
		HideSolutionNode = FALSE
	EndGlobalSection
	GlobalSection(ExtensibilityGlobals) = postSolution
		SolutionGuid = {ADAAB128-C66F-4592-93D0-F0972ED93AEC}
	EndGlobalSection
EndGlobal
